
Microsoft Visual Studio Solution File, Format Version 12.00
# Visual Studio Version 17
VisualStudioVersion = 17.13.35931.197 d17.13
MinimumVisualStudioVersion = 10.0.40219.1
Project("{FAE04EC0-301F-11D3-BF4B-00C04F79EFBC}") = "Koru1000.Core", "Koru1000.Core\Koru1000.Core.csproj", "{00430F1F-F2F3-4E3D-BB2A-24C16562A4F5}"
EndProject
Project("{FAE04EC0-301F-11D3-BF4B-00C04F79EFBC}") = "Koru1000.DatabaseManager", "Koru1000.DatabaseManager\Koru1000.DatabaseManager.csproj", "{C04735D8-51AB-41C4-B654-1FA3410B63A4}"
EndProject
Project("{FAE04EC0-301F-11D3-BF4B-00C04F79EFBC}") = "Koru1000.Shared", "Koru1000.Shared\Koru1000.Shared.csproj", "{7173C4C7-D5EF-4CC8-8EA3-2CEE6A4BD7D2}"
EndProject
Project("{FAE04EC0-301F-11D3-BF4B-00C04F79EFBC}") = "ManagerUI", "ManagerUI\ManagerUI.csproj", "{F505592F-6EFC-4A54-A882-1BFBA47E00D8}"
EndProject
Global
	GlobalSection(SolutionConfigurationPlatforms) = preSolution
		Debug|Any CPU = Debug|Any CPU
		Release|Any CPU = Release|Any CPU
	EndGlobalSection
	GlobalSection(ProjectConfigurationPlatforms) = postSolution
		{00430F1F-F2F3-4E3D-BB2A-24C16562A4F5}.Debug|Any CPU.ActiveCfg = Debug|Any CPU
		{00430F1F-F2F3-4E3D-BB2A-24C16562A4F5}.Debug|Any CPU.Build.0 = Debug|Any CPU
		{00430F1F-F2F3-4E3D-BB2A-24C16562A4F5}.Release|Any CPU.ActiveCfg = Release|Any CPU
		{00430F1F-F2F3-4E3D-BB2A-24C16562A4F5}.Release|Any CPU.Build.0 = Release|Any CPU
		{C04735D8-51AB-41C4-B654-1FA3410B63A4}.Debug|Any CPU.ActiveCfg = Debug|Any CPU
		{C04735D8-51AB-41C4-B654-1FA3410B63A4}.Debug|Any CPU.Build.0 = Debug|Any CPU
		{C04735D8-51AB-41C4-B654-1FA3410B63A4}.Release|Any CPU.ActiveCfg = Release|Any CPU
		{C04735D8-51AB-41C4-B654-1FA3410B63A4}.Release|Any CPU.Build.0 = Release|Any CPU
		{7173C4C7-D5EF-4CC8-8EA3-2CEE6A4BD7D2}.Debug|Any CPU.ActiveCfg = Debug|Any CPU
		{7173C4C7-D5EF-4CC8-8EA3-2CEE6A4BD7D2}.Debug|Any CPU.Build.0 = Debug|Any CPU
		{7173C4C7-D5EF-4CC8-8EA3-2CEE6A4BD7D2}.Release|Any CPU.ActiveCfg = Release|Any CPU
		{7173C4C7-D5EF-4CC8-8EA3-2CEE6A4BD7D2}.Release|Any CPU.Build.0 = Release|Any CPU
		{F505592F-6EFC-4A54-A882-1BFBA47E00D8}.Debug|Any CPU.ActiveCfg = Debug|Any CPU
		{F505592F-6EFC-4A54-A882-1BFBA47E00D8}.Debug|Any CPU.Build.0 = Debug|Any CPU
		{F505592F-6EFC-4A54-A882-1BFBA47E00D8}.Release|Any CPU.ActiveCfg = Release|Any CPU
		{F505592F-6EFC-4A54-A882-1BFBA47E00D8}.Release|Any CPU.Build.0 = Release|Any CPU
	EndGlobalSection
	GlobalSection(SolutionProperties) = preSolution
		HideSolutionNode = FALSE
	EndGlobalSection
	GlobalSection(ExtensibilityGlobals) = postSolution
		SolutionGuid = {3B320274-4AB1-4CEB-BAE2-EA1377DCA6B5}
	EndGlobalSection
EndGlobal
